
Microsoft Visual Studio Solution File, Format Version 12.00
# Visual Studio Version 16
VisualStudioVersion = 16.0.31005.135
MinimumVisualStudioVersion = 10.0.40219.1
Project("{9A19103F-16F7-4668-BE54-9A1E7A4F7556}") = "HumanBody.Brain", "HumanBody.Brain\HumanBody.Brain.csproj", "{3A03AFC4-354B-4341-911E-F13708C6B5C9}"
EndProject
Project("{9A19103F-16F7-4668-BE54-9A1E7A4F7556}") = "HumanBody.Hearing", "HumanBody.Ears\HumanBody.Hearing.csproj", "{B170B2CC-2694-4DC4-8010-4F140D219788}"
EndProject
Project("{9A19103F-16F7-4668-BE54-9A1E7A4F7556}") = "HumanBody.Smell", "HumanBody.Nose\HumanBody.Smell.csproj", "{5121B632-8207-44D9-AE7B-E36E2941F1F6}"
EndProject
Project("{9A19103F-16F7-4668-BE54-9A1E7A4F7556}") = "HumanBody.Tact", "HumanBody.Tact\HumanBody.Tact.csproj", "{94A6863B-B290-4E88-8347-5274B1D24B70}"
EndProject
Project("{9A19103F-16F7-4668-BE54-9A1E7A4F7556}") = "HumanBody.Vision", "HumanBody.Vision\HumanBody.Vision.csproj", "{440C3C88-2E56-4666-BDE4-68766692701B}"
EndProject
Project("{2150E333-8FDC-42A3-9474-1A3956D46DE8}") = "Senses", "Senses", "{92604866-3EB1-4CA1-B098-CD76A7A087CA}"
EndProject
Project("{9A19103F-16F7-4668-BE54-9A1E7A4F7556}") = "HumanBody.Taste", "HumanBody.Taste\HumanBody.Taste.csproj", "{CDB77264-C4DC-4957-BEFB-E27B66FBE548}"
EndProject
Project("{9A19103F-16F7-4668-BE54-9A1E7A4F7556}") = "HumanBody.Vestibular", "HumanBody.Vestibular\HumanBody.Vestibular.csproj", "{A8E780E8-1610-48D2-A495-34F019445C0D}"
EndProject
Project("{9A19103F-16F7-4668-BE54-9A1E7A4F7556}") = "HumanBody.Proprioception", "HumanBody.Proprioception\HumanBody.Proprioception.csproj", "{B14F82AA-702E-4636-93C4-5A128D184760}"
EndProject
Project("{2150E333-8FDC-42A3-9474-1A3956D46DE8}") = "CentralNervousSystem", "CentralNervousSystem", "{D2D0BA67-1539-45F8-B20B-CEDB1F652FE1}"
EndProject
Project("{9A19103F-16F7-4668-BE54-9A1E7A4F7556}") = "HumanBody.SpinalCord", "HumanBody.CentralNervousSystem\HumanBody.SpinalCord.csproj", "{8D63C759-8746-4B2A-92B6-A02214138169}"
EndProject
Project("{2150E333-8FDC-42A3-9474-1A3956D46DE8}") = "Core", "Core", "{DEC51E25-BA20-4120-BF86-356713DA6223}"
EndProject
Project("{FAE04EC0-301F-11D3-BF4B-00C04F79EFBC}") = "HumanBody.Core", "HumanBody.Core\HumanBody.Core.csproj", "{6C063792-DAAC-47CE-9263-C7A11F076420}"
EndProject
Project("{2150E333-8FDC-42A3-9474-1A3956D46DE8}") = "Systems", "Systems", "{1B711961-6756-4982-9D98-ECFA45C2BD30}"
EndProject
Project("{FAE04EC0-301F-11D3-BF4B-00C04F79EFBC}") = "HumanBody.Systems.Digestive", "HumanBody.Systems.Digestive\HumanBody.Systems.Digestive.csproj", "{2A915F20-5789-4ADC-AEFF-FD1467B4BF17}"
EndProject
Project("{2150E333-8FDC-42A3-9474-1A3956D46DE8}") = "Inputs", "Inputs", "{37B01F84-0E6F-429A-89A6-6FD1099C5234}"
EndProject
Project("{FAE04EC0-301F-11D3-BF4B-00C04F79EFBC}") = "HumanBody.Inputs.Body", "HumanBody.Inputs.Body\HumanBody.Inputs.Body.csproj", "{6959B29F-F5DB-4135-930A-5ADC626AFC0A}"
EndProject
Global
	GlobalSection(SolutionConfigurationPlatforms) = preSolution
		Debug|Any CPU = Debug|Any CPU
		Release|Any CPU = Release|Any CPU
	EndGlobalSection
	GlobalSection(ProjectConfigurationPlatforms) = postSolution
		{3A03AFC4-354B-4341-911E-F13708C6B5C9}.Debug|Any CPU.ActiveCfg = Debug|Any CPU
		{3A03AFC4-354B-4341-911E-F13708C6B5C9}.Debug|Any CPU.Build.0 = Debug|Any CPU
		{3A03AFC4-354B-4341-911E-F13708C6B5C9}.Release|Any CPU.ActiveCfg = Release|Any CPU
		{3A03AFC4-354B-4341-911E-F13708C6B5C9}.Release|Any CPU.Build.0 = Release|Any CPU
		{B170B2CC-2694-4DC4-8010-4F140D219788}.Debug|Any CPU.ActiveCfg = Debug|Any CPU
		{B170B2CC-2694-4DC4-8010-4F140D219788}.Debug|Any CPU.Build.0 = Debug|Any CPU
		{B170B2CC-2694-4DC4-8010-4F140D219788}.Release|Any CPU.ActiveCfg = Release|Any CPU
		{B170B2CC-2694-4DC4-8010-4F140D219788}.Release|Any CPU.Build.0 = Release|Any CPU
		{5121B632-8207-44D9-AE7B-E36E2941F1F6}.Debug|Any CPU.ActiveCfg = Debug|Any CPU
		{5121B632-8207-44D9-AE7B-E36E2941F1F6}.Debug|Any CPU.Build.0 = Debug|Any CPU
		{5121B632-8207-44D9-AE7B-E36E2941F1F6}.Release|Any CPU.ActiveCfg = Release|Any CPU
		{5121B632-8207-44D9-AE7B-E36E2941F1F6}.Release|Any CPU.Build.0 = Release|Any CPU
		{94A6863B-B290-4E88-8347-5274B1D24B70}.Debug|Any CPU.ActiveCfg = Debug|Any CPU
		{94A6863B-B290-4E88-8347-5274B1D24B70}.Debug|Any CPU.Build.0 = Debug|Any CPU
		{94A6863B-B290-4E88-8347-5274B1D24B70}.Release|Any CPU.ActiveCfg = Release|Any CPU
		{94A6863B-B290-4E88-8347-5274B1D24B70}.Release|Any CPU.Build.0 = Release|Any CPU
		{440C3C88-2E56-4666-BDE4-68766692701B}.Debug|Any CPU.ActiveCfg = Debug|Any CPU
		{440C3C88-2E56-4666-BDE4-68766692701B}.Debug|Any CPU.Build.0 = Debug|Any CPU
		{440C3C88-2E56-4666-BDE4-68766692701B}.Release|Any CPU.ActiveCfg = Release|Any CPU
		{440C3C88-2E56-4666-BDE4-68766692701B}.Release|Any CPU.Build.0 = Release|Any CPU
		{CDB77264-C4DC-4957-BEFB-E27B66FBE548}.Debug|Any CPU.ActiveCfg = Debug|Any CPU
		{CDB77264-C4DC-4957-BEFB-E27B66FBE548}.Debug|Any CPU.Build.0 = Debug|Any CPU
		{CDB77264-C4DC-4957-BEFB-E27B66FBE548}.Release|Any CPU.ActiveCfg = Release|Any CPU
		{CDB77264-C4DC-4957-BEFB-E27B66FBE548}.Release|Any CPU.Build.0 = Release|Any CPU
		{A8E780E8-1610-48D2-A495-34F019445C0D}.Debug|Any CPU.ActiveCfg = Debug|Any CPU
		{A8E780E8-1610-48D2-A495-34F019445C0D}.Debug|Any CPU.Build.0 = Debug|Any CPU
		{A8E780E8-1610-48D2-A495-34F019445C0D}.Release|Any CPU.ActiveCfg = Release|Any CPU
		{A8E780E8-1610-48D2-A495-34F019445C0D}.Release|Any CPU.Build.0 = Release|Any CPU
		{B14F82AA-702E-4636-93C4-5A128D184760}.Debug|Any CPU.ActiveCfg = Debug|Any CPU
		{B14F82AA-702E-4636-93C4-5A128D184760}.Debug|Any CPU.Build.0 = Debug|Any CPU
		{B14F82AA-702E-4636-93C4-5A128D184760}.Release|Any CPU.ActiveCfg = Release|Any CPU
		{B14F82AA-702E-4636-93C4-5A128D184760}.Release|Any CPU.Build.0 = Release|Any CPU
		{8D63C759-8746-4B2A-92B6-A02214138169}.Debug|Any CPU.ActiveCfg = Debug|Any CPU
		{8D63C759-8746-4B2A-92B6-A02214138169}.Debug|Any CPU.Build.0 = Debug|Any CPU
		{8D63C759-8746-4B2A-92B6-A02214138169}.Release|Any CPU.ActiveCfg = Release|Any CPU
		{8D63C759-8746-4B2A-92B6-A02214138169}.Release|Any CPU.Build.0 = Release|Any CPU
		{6C063792-DAAC-47CE-9263-C7A11F076420}.Debug|Any CPU.ActiveCfg = Debug|Any CPU
		{6C063792-DAAC-47CE-9263-C7A11F076420}.Debug|Any CPU.Build.0 = Debug|Any CPU
		{6C063792-DAAC-47CE-9263-C7A11F076420}.Release|Any CPU.ActiveCfg = Release|Any CPU
		{6C063792-DAAC-47CE-9263-C7A11F076420}.Release|Any CPU.Build.0 = Release|Any CPU
		{2A915F20-5789-4ADC-AEFF-FD1467B4BF17}.Debug|Any CPU.ActiveCfg = Debug|Any CPU
		{2A915F20-5789-4ADC-AEFF-FD1467B4BF17}.Debug|Any CPU.Build.0 = Debug|Any CPU
		{2A915F20-5789-4ADC-AEFF-FD1467B4BF17}.Release|Any CPU.ActiveCfg = Release|Any CPU
		{2A915F20-5789-4ADC-AEFF-FD1467B4BF17}.Release|Any CPU.Build.0 = Release|Any CPU
		{6959B29F-F5DB-4135-930A-5ADC626AFC0A}.Debug|Any CPU.ActiveCfg = Debug|Any CPU
		{6959B29F-F5DB-4135-930A-5ADC626AFC0A}.Debug|Any CPU.Build.0 = Debug|Any CPU
		{6959B29F-F5DB-4135-930A-5ADC626AFC0A}.Release|Any CPU.ActiveCfg = Release|Any CPU
		{6959B29F-F5DB-4135-930A-5ADC626AFC0A}.Release|Any CPU.Build.0 = Release|Any CPU
	EndGlobalSection
	GlobalSection(SolutionProperties) = preSolution
		HideSolutionNode = FALSE
	EndGlobalSection
	GlobalSection(NestedProjects) = preSolution
		{3A03AFC4-354B-4341-911E-F13708C6B5C9} = {D2D0BA67-1539-45F8-B20B-CEDB1F652FE1}
		{B170B2CC-2694-4DC4-8010-4F140D219788} = {92604866-3EB1-4CA1-B098-CD76A7A087CA}
		{5121B632-8207-44D9-AE7B-E36E2941F1F6} = {92604866-3EB1-4CA1-B098-CD76A7A087CA}
		{94A6863B-B290-4E88-8347-5274B1D24B70} = {92604866-3EB1-4CA1-B098-CD76A7A087CA}
		{440C3C88-2E56-4666-BDE4-68766692701B} = {92604866-3EB1-4CA1-B098-CD76A7A087CA}
		{CDB77264-C4DC-4957-BEFB-E27B66FBE548} = {92604866-3EB1-4CA1-B098-CD76A7A087CA}
		{A8E780E8-1610-48D2-A495-34F019445C0D} = {92604866-3EB1-4CA1-B098-CD76A7A087CA}
		{B14F82AA-702E-4636-93C4-5A128D184760} = {92604866-3EB1-4CA1-B098-CD76A7A087CA}
		{8D63C759-8746-4B2A-92B6-A02214138169} = {D2D0BA67-1539-45F8-B20B-CEDB1F652FE1}
		{6C063792-DAAC-47CE-9263-C7A11F076420} = {DEC51E25-BA20-4120-BF86-356713DA6223}
		{2A915F20-5789-4ADC-AEFF-FD1467B4BF17} = {1B711961-6756-4982-9D98-ECFA45C2BD30}
		{6959B29F-F5DB-4135-930A-5ADC626AFC0A} = {37B01F84-0E6F-429A-89A6-6FD1099C5234}
	EndGlobalSection
	GlobalSection(ExtensibilityGlobals) = postSolution
		SolutionGuid = {5CDC3166-F13F-40E7-A14D-E337A52DD9C6}
	EndGlobalSection
EndGlobal
